
Microsoft Visual Studio Solution File, Format Version 12.00
# Visual Studio Version 17
VisualStudioVersion = 17.7.34221.43
MinimumVisualStudioVersion = 10.0.40219.1
Project("{FAE04EC0-301F-11D3-BF4B-00C04F79EFBC}") = "CapaPresentacionAdmin", "Carrito_Compras_MVC\CapaPresentacionAdmin.csproj", "{F2BADFC6-B532-4FBF-A2F1-CAEFC809423D}"
EndProject
Project("{FAE04EC0-301F-11D3-BF4B-00C04F79EFBC}") = "CapaPresentacionTienda", "CapaPresentacionTienda\CapaPresentacionTienda.csproj", "{FF9B94E8-B9AD-448C-9E60-24567DFBF7B7}"
EndProject
Project("{FAE04EC0-301F-11D3-BF4B-00C04F79EFBC}") = "CapaDatos", "CapaDatos\CapaDatos.csproj", "{4F1E0201-DD2B-4B40-AF35-B0156088F488}"
EndProject
Project("{FAE04EC0-301F-11D3-BF4B-00C04F79EFBC}") = "CapaEntidad", "CapaEntidad\CapaEntidad.csproj", "{A675B2F6-5DD8-420F-A1ED-CF03638D28DB}"
EndProject
Project("{FAE04EC0-301F-11D3-BF4B-00C04F79EFBC}") = "CapaNegocio", "CapaNegocio\CapaNegocio.csproj", "{43C29699-693E-4456-BA1A-BA29291EC12D}"
EndProject
Global
	GlobalSection(SolutionConfigurationPlatforms) = preSolution
		Debug|Any CPU = Debug|Any CPU
		Release|Any CPU = Release|Any CPU
	EndGlobalSection
	GlobalSection(ProjectConfigurationPlatforms) = postSolution
		{F2BADFC6-B532-4FBF-A2F1-CAEFC809423D}.Debug|Any CPU.ActiveCfg = Debug|Any CPU
		{F2BADFC6-B532-4FBF-A2F1-CAEFC809423D}.Debug|Any CPU.Build.0 = Debug|Any CPU
		{F2BADFC6-B532-4FBF-A2F1-CAEFC809423D}.Release|Any CPU.ActiveCfg = Release|Any CPU
		{F2BADFC6-B532-4FBF-A2F1-CAEFC809423D}.Release|Any CPU.Build.0 = Release|Any CPU
		{FF9B94E8-B9AD-448C-9E60-24567DFBF7B7}.Debug|Any CPU.ActiveCfg = Debug|Any CPU
		{FF9B94E8-B9AD-448C-9E60-24567DFBF7B7}.Debug|Any CPU.Build.0 = Debug|Any CPU
		{FF9B94E8-B9AD-448C-9E60-24567DFBF7B7}.Release|Any CPU.ActiveCfg = Release|Any CPU
		{FF9B94E8-B9AD-448C-9E60-24567DFBF7B7}.Release|Any CPU.Build.0 = Release|Any CPU
		{4F1E0201-DD2B-4B40-AF35-B0156088F488}.Debug|Any CPU.ActiveCfg = Debug|Any CPU
		{4F1E0201-DD2B-4B40-AF35-B0156088F488}.Debug|Any CPU.Build.0 = Debug|Any CPU
		{4F1E0201-DD2B-4B40-AF35-B0156088F488}.Release|Any CPU.ActiveCfg = Release|Any CPU
		{4F1E0201-DD2B-4B40-AF35-B0156088F488}.Release|Any CPU.Build.0 = Release|Any CPU
		{A675B2F6-5DD8-420F-A1ED-CF03638D28DB}.Debug|Any CPU.ActiveCfg = Debug|Any CPU
		{A675B2F6-5DD8-420F-A1ED-CF03638D28DB}.Debug|Any CPU.Build.0 = Debug|Any CPU
		{A675B2F6-5DD8-420F-A1ED-CF03638D28DB}.Release|Any CPU.ActiveCfg = Release|Any CPU
		{A675B2F6-5DD8-420F-A1ED-CF03638D28DB}.Release|Any CPU.Build.0 = Release|Any CPU
		{43C29699-693E-4456-BA1A-BA29291EC12D}.Debug|Any CPU.ActiveCfg = Debug|Any CPU
		{43C29699-693E-4456-BA1A-BA29291EC12D}.Debug|Any CPU.Build.0 = Debug|Any CPU
		{43C29699-693E-4456-BA1A-BA29291EC12D}.Release|Any CPU.ActiveCfg = Release|Any CPU
		{43C29699-693E-4456-BA1A-BA29291EC12D}.Release|Any CPU.Build.0 = Release|Any CPU
	EndGlobalSection
	GlobalSection(SolutionProperties) = preSolution
		HideSolutionNode = FALSE
	EndGlobalSection
	GlobalSection(ExtensibilityGlobals) = postSolution
		SolutionGuid = {EDA74EB6-AAD0-4BA1-8A1F-91F6C81B9E9C}
	EndGlobalSection
EndGlobal
